
Microsoft Visual Studio Solution File, Format Version 12.00
# Visual Studio Version 16
VisualStudioVersion = 16.0.31205.134
MinimumVisualStudioVersion = 10.0.40219.1
Project("{F2A71F9B-5D33-465A-A702-920D77279786}") = "Afishtant", "Afishtant.fsproj", "{972529F7-0839-4887-940D-5EA3050F1523}"
EndProject
Project("{FAE04EC0-301F-11D3-BF4B-00C04F79EFBC}") = "Interceptor", "..\Interceptor\Interceptor\Interceptor.csproj", "{C451A00E-77F1-4F3F-B7EE-27DC712EA316}"
EndProject
Global
	GlobalSection(SolutionConfigurationPlatforms) = preSolution
		Debug|Any CPU = Debug|Any CPU
		Release|Any CPU = Release|Any CPU
	EndGlobalSection
	GlobalSection(ProjectConfigurationPlatforms) = postSolution
		{972529F7-0839-4887-940D-5EA3050F1523}.Debug|Any CPU.ActiveCfg = Debug|Any CPU
		{972529F7-0839-4887-940D-5EA3050F1523}.Debug|Any CPU.Build.0 = Debug|Any CPU
		{972529F7-0839-4887-940D-5EA3050F1523}.Release|Any CPU.ActiveCfg = Release|Any CPU
		{972529F7-0839-4887-940D-5EA3050F1523}.Release|Any CPU.Build.0 = Release|Any CPU
		{C451A00E-77F1-4F3F-B7EE-27DC712EA316}.Debug|Any CPU.ActiveCfg = Debug|Any CPU
		{C451A00E-77F1-4F3F-B7EE-27DC712EA316}.Debug|Any CPU.Build.0 = Debug|Any CPU
		{C451A00E-77F1-4F3F-B7EE-27DC712EA316}.Release|Any CPU.ActiveCfg = Release|Any CPU
		{C451A00E-77F1-4F3F-B7EE-27DC712EA316}.Release|Any CPU.Build.0 = Release|Any CPU
	EndGlobalSection
	GlobalSection(SolutionProperties) = preSolution
		HideSolutionNode = FALSE
	EndGlobalSection
	GlobalSection(ExtensibilityGlobals) = postSolution
		SolutionGuid = {E8958292-3750-41B1-A8AA-281EE06FCDF7}
	EndGlobalSection
EndGlobal
